
Microsoft Visual Studio Solution File, Format Version 12.00
# Visual Studio Version 16
VisualStudioVersion = 16.0.30320.27
MinimumVisualStudioVersion = 10.0.40219.1
Project("{FAE04EC0-301F-11D3-BF4B-00C04F79EFBC}") = "SearchAntiVirus", "SearchAntiVirus\SearchAntiVirus.csproj", "{9792265A-8F2B-41B0-B771-737FCF4FCDB7}"
EndProject
Global
	GlobalSection(SolutionConfigurationPlatforms) = preSolution
		Debug|Any CPU = Debug|Any CPU
		Release|Any CPU = Release|Any CPU
	EndGlobalSection
	GlobalSection(ProjectConfigurationPlatforms) = postSolution
		{9792265A-8F2B-41B0-B771-737FCF4FCDB7}.Debug|Any CPU.ActiveCfg = Debug|Any CPU
		{9792265A-8F2B-41B0-B771-737FCF4FCDB7}.Debug|Any CPU.Build.0 = Debug|Any CPU
		{9792265A-8F2B-41B0-B771-737FCF4FCDB7}.Release|Any CPU.ActiveCfg = Release|Any CPU
		{9792265A-8F2B-41B0-B771-737FCF4FCDB7}.Release|Any CPU.Build.0 = Release|Any CPU
	EndGlobalSection
	GlobalSection(SolutionProperties) = preSolution
		HideSolutionNode = FALSE
	EndGlobalSection
	GlobalSection(ExtensibilityGlobals) = postSolution
		SolutionGuid = {24C7337D-343D-4EEE-848F-AA58888E7A53}
	EndGlobalSection
EndGlobal
